{
  "name": "lucuma-typed",
  "lockfileVersion": 3,
  "requires": true,
  "packages": {
    "": {
      "dependencies": {
        "@tanstack/react-store": "^0.11.0",
        "@tanstack/react-table": "^9.1.2",
        "@tanstack/react-virtual": "^3.14.9",
        "@tanstack/store": "^0.11.0",
        "highcharts": "^12.6.0",
        "primereact": "^11.1.0",
        "typescript": "^6.0.3"
      },
      "devDependencies": {
        "glob": "^13.0.6",
        "minimatch": "^10.2.6",
        "ts-morph": "^28.0.0"
      }
    },
    "node_modules/@noble/ed25519": {
      "version": "2.3.0",
      "resolved": "https://registry.npmjs.org/@noble/ed25519/-/ed25519-2.3.0.tgz",
      "integrity": "sha512-M7dvXL2B92/M7dw9+gzuydL8qn/jiqNHaoR3Q+cb1q1GHV7uwE17WCyFMG+Y+TZb5izcaXk5TdJRrDUxHXL78A==",
      "license": "MIT",
      "funding": {
        "url": "https://paulmillr.com/funding/"
      }
    },
    "node_modules/@noble/hashes": {
      "version": "2.2.0",
      "resolved": "https://registry.npmjs.org/@noble/hashes/-/hashes-2.2.0.tgz",
      "integrity": "sha512-IYqDGiTXab6FniAgnSdZwgWbomxpy9FtYvLKs7wCUs2a8RkITG+DFGO1DM9cr+E3/RgADRpFjrKVaJ1z6sjtEg==",
      "license": "MIT",
      "engines": {
        "node": ">= 20.19.0"
      },
      "funding": {
        "url": "https://paulmillr.com/funding/"
      }
    },
    "node_modules/@primereact/core": {
      "version": "11.1.0",
      "resolved": "https://registry.npmjs.org/@primereact/core/-/core-11.1.0.tgz",
      "integrity": "sha512-Z2J2DV22ml5UnlzO3gd4wCGBqN0GeNfzgrozF6RqNs2Udu7H6pZQepn1gWjBqt1APKwT9vSIvl8UDgORuAa08A==",
      "license": "SEE LICENSE IN LICENSE.md",
      "dependencies": {
        "@primereact/hooks": "11.1.0",
        "@primereact/types": "11.1.0",
        "@primeui/license-manager": "^1.0.0",
        "@primeuix/locale": "^0.1.0",
        "@primeuix/motion": "^1.0.0",
        "@primeuix/styled": "^1.0.0",
        "@primeuix/utils": "^0.8.0"
      },
      "peerDependencies": {
        "react": ">=19.0.0"
      }
    },
    "node_modules/@primereact/headless": {
      "version": "11.1.0",
      "resolved": "https://registry.npmjs.org/@primereact/headless/-/headless-11.1.0.tgz",
      "integrity": "sha512-ugegpnog1+MXJWuv/kAjICP2IyNeyaWdb+kIf8ISGpRX/GTAKtM7Rn9UyVOOo+/68YjhAFPFtqL7DRrE5fRiLg==",
      "license": "SEE LICENSE IN LICENSE.md",
      "dependencies": {
        "@primereact/core": "11.1.0",
        "@primereact/hooks": "11.1.0",
        "@primeui/license-manager": "^1.0.0",
        "@primeuix/styled": "^1.0.0",
        "@primeuix/utils": "^0.8.0"
      }
    },
    "node_modules/@primereact/hooks": {
      "version": "11.1.0",
      "resolved": "https://registry.npmjs.org/@primereact/hooks/-/hooks-11.1.0.tgz",
      "integrity": "sha512-+VOuOFuv56IhjD08e/zkNHmJf0apwxW7LMQxji7YK2DnqhcwW02mq0I/Tgn4VvscGlMO9v+Hhtf14Bq0Zw8oIA==",
      "license": "SEE LICENSE IN LICENSE.md",
      "dependencies": {
        "@primeuix/utils": "^0.8.0"
      },
      "peerDependencies": {
        "react": ">=19.0.0"
      }
    },
    "node_modules/@primereact/types": {
      "version": "11.1.0",
      "resolved": "https://registry.npmjs.org/@primereact/types/-/types-11.1.0.tgz",
      "integrity": "sha512-N//v6G15SajKJSmqIsQALNPlsQ6AP4A6Uxrfwopnf2hNX3l2vdfGnRDznvG8xF1+NluRljnNtAx47lV+SMPhJQ==",
      "license": "SEE LICENSE IN LICENSE.md",
      "peerDependencies": {
        "@primeuix/motion": "^1.0.0",
        "@primeuix/styled": "^1.0.0"
      }
    },
    "node_modules/@primeui/license-manager": {
      "version": "1.0.0",
      "resolved": "https://registry.npmjs.org/@primeui/license-manager/-/license-manager-1.0.0.tgz",
      "integrity": "sha512-89J7r8cclEqoHVwjOX1adPcB/blFSocpzuYlzmd+6r0gxzg2Vd4jM54TKXt9/qwAT/kOv4vYnHKZ6hcP2GFtfA==",
      "license": "SEE LICENSE IN LICENSE.md",
      "dependencies": {
        "@noble/ed25519": "2.3.0",
        "@noble/hashes": "2.2.0"
      }
    },
    "node_modules/@primeuix/locale": {
      "version": "0.1.0",
      "resolved": "https://registry.npmjs.org/@primeuix/locale/-/locale-0.1.0.tgz",
      "integrity": "sha512-/qLGiwQ/YN83GPSygKEI3cwgZ+rb0R0rNNtQrOGGaHIaG3zpkGS3QbK/qtDUi0leC69jJgY39GDX+gCeUXPKdg==",
      "license": "SEE LICENSE IN LICENSE.md",
      "dependencies": {
        "@primeuix/utils": "^0.8.0"
      },
      "engines": {
        "node": ">=12.11.0"
      }
    },
    "node_modules/@primeuix/motion": {
      "version": "1.0.0",
      "resolved": "https://registry.npmjs.org/@primeuix/motion/-/motion-1.0.0.tgz",
      "integrity": "sha512-rqpFRKmUVp9BI3YQKdok0rLUwzYShXzuuxy72Kq74xYRV14eR+4+XrIXOdyVs7j7CYV0ajYowiRpJCrVgdrq6A==",
      "license": "SEE LICENSE IN LICENSE.md",
      "dependencies": {
        "@primeuix/utils": "^0.8.0"
      },
      "engines": {
        "node": ">=12.11.0"
      }
    },
    "node_modules/@primeuix/styled": {
      "version": "1.0.0",
      "resolved": "https://registry.npmjs.org/@primeuix/styled/-/styled-1.0.0.tgz",
      "integrity": "sha512-6SXoeQWwKswSqTv1ygaXNfY7otHo6Rb9mxbKJK5WF8adWlZ6CtwmlNfIP+p8cH/zGccsei/5Bu7IetXlMoZGjQ==",
      "license": "SEE LICENSE IN LICENSE.md",
      "dependencies": {
        "@primeui/license-manager": "^1.0.0",
        "@primeuix/utils": "^0.8.0"
      },
      "engines": {
        "node": ">=12.11.0"
      }
    },
    "node_modules/@primeuix/utils": {
      "version": "0.8.1",
      "resolved": "https://registry.npmjs.org/@primeuix/utils/-/utils-0.8.1.tgz",
      "integrity": "sha512-tMtdkSUEl8/6Lc5iNOp7zXMFKJGLyf7mxvS/Hf5GzHVfa2dvsnVmEn0I/i3+80oEmnsVlHhr9+8aM5cKw7vbHA==",
      "license": "SEE LICENSE IN LICENSE.md",
      "engines": {
        "node": ">=12.11.0"
      }
    },
    "node_modules/@tanstack/react-store": {
      "version": "0.11.1",
      "resolved": "https://registry.npmjs.org/@tanstack/react-store/-/react-store-0.11.1.tgz",
      "integrity": "sha512-HaIGKI3YLmjBYIvy5DFDY23oNaYZIsTZfngey07Uh5iLVJgM3bIGCnZeOFOqzjFld9JHWcaHJnasD/bKoGKwJQ==",
      "license": "MIT",
      "dependencies": {
        "@tanstack/store": "0.11.1",
        "use-sync-external-store": "^1.6.0"
      },
      "funding": {
        "type": "github",
        "url": "https://github.com/sponsors/tannerlinsley"
      },
      "peerDependencies": {
        "react": "^16.8.0 || ^17.0.0 || ^18.0.0 || ^19.0.0",
        "react-dom": "^16.8.0 || ^17.0.0 || ^18.0.0 || ^19.0.0"
      }
    },
    "node_modules/@tanstack/react-table": {
      "version": "9.1.2",
      "resolved": "https://registry.npmjs.org/@tanstack/react-table/-/react-table-9.1.2.tgz",
      "integrity": "sha512-YQPZFJ1nIi/bjjwsPZVouABgahDcl7Gdm33CdTStUJBn0DjEVJ2uhSTVmIoWt9MVKdQziXGAsXipSzy949Hygg==",
      "dependencies": {
        "@tanstack/react-store": "^0.11.0",
        "@tanstack/table-core": "9.1.2"
      },
      "engines": {
        "node": ">=20"
      },
      "funding": {
        "type": "github",
        "url": "https://github.com/sponsors/tannerlinsley"
      },
      "peerDependencies": {
        "react": ">=18"
      }
    },
    "node_modules/@tanstack/react-virtual": {
      "version": "3.14.9",
      "resolved": "https://registry.npmjs.org/@tanstack/react-virtual/-/react-virtual-3.14.9.tgz",
      "integrity": "sha512-qZyr0FZDP8rDC4WBhsryIZmAd9bveJvFGUJJtskWaew6/0dTRS6wZxnR6VQ5bY2KwL3LjerrHqQLk3a0GKcPXQ==",
      "license": "MIT",
      "dependencies": {
        "@tanstack/virtual-core": "3.17.7"
      },
      "funding": {
        "type": "github",
        "url": "https://github.com/sponsors/tannerlinsley"
      },
      "peerDependencies": {
        "react": "^16.8.0 || ^17.0.0 || ^18.0.0 || ^19.0.0",
        "react-dom": "^16.8.0 || ^17.0.0 || ^18.0.0 || ^19.0.0"
      }
    },
    "node_modules/@tanstack/store": {
      "version": "0.11.1",
      "resolved": "https://registry.npmjs.org/@tanstack/store/-/store-0.11.1.tgz",
      "integrity": "sha512-mzTOBhypOuDJAy/D8n2MfUZ1HFkXnmSETviRyhqEC8LUE7/IZQExOTxMANj3KjTofYTkFNpBY67qaVrT41YccA==",
      "funding": {
        "type": "github",
        "url": "https://github.com/sponsors/tannerlinsley"
      }
    },
    "node_modules/@tanstack/table-core": {
      "version": "9.1.2",
      "resolved": "https://registry.npmjs.org/@tanstack/table-core/-/table-core-9.1.2.tgz",
      "integrity": "sha512-ONpWQeass1sfg80CWF1NSwQ8r3GiqxA2lT/EdqIcrDEPZ0Z+0mM94eQoFYLPN0Kztzj8TQVb2+PrSZSItqA61g==",
      "dependencies": {
        "@tanstack/store": "^0.11.0"
      },
      "engines": {
        "node": ">=20"
      },
      "funding": {
        "type": "github",
        "url": "https://github.com/sponsors/tannerlinsley"
      }
    },
    "node_modules/@tanstack/virtual-core": {
      "version": "3.17.7",
      "resolved": "https://registry.npmjs.org/@tanstack/virtual-core/-/virtual-core-3.17.7.tgz",
      "integrity": "sha512-bp+v10y65sp2H7WpWfIMyxTNfl8ZVfxFTLRjPIFRryi6FV/J33z4IS53WO4pTk36KlvJ4iLiQz+oaydDC1xbcA==",
      "license": "MIT",
      "funding": {
        "type": "github",
        "url": "https://github.com/sponsors/tannerlinsley"
      }
    },
    "node_modules/@ts-morph/common": {
      "version": "0.29.0",
      "resolved": "https://registry.npmjs.org/@ts-morph/common/-/common-0.29.0.tgz",
      "integrity": "sha512-35oUmphHbJvQ/+UTwFNme/t2p3FoKiGJ5auTjjpNTop2dyREspirjMy82PLSC1pnDJ8ah1GU98hwpVt64YXQsg==",
      "dev": true,
      "license": "MIT",
      "dependencies": {
        "minimatch": "^10.0.1",
        "path-browserify": "^1.0.1",
        "tinyglobby": "^0.2.14"
      }
    },
    "node_modules/balanced-match": {
      "version": "4.0.4",
      "resolved": "https://registry.npmjs.org/balanced-match/-/balanced-match-4.0.4.tgz",
      "integrity": "sha512-BLrgEcRTwX2o6gGxGOCNyMvGSp35YofuYzw9h1IMTRmKqttAZZVU67bdb9Pr2vUHA8+j3i2tJfjO6C6+4myGTA==",
      "dev": true,
      "license": "MIT",
      "engines": {
        "node": "18 || 20 || >=22"
      }
    },
    "node_modules/brace-expansion": {
      "version": "5.0.8",
      "resolved": "https://registry.npmjs.org/brace-expansion/-/brace-expansion-5.0.8.tgz",
      "integrity": "sha512-JZyDyq3D4AUifKTPOB7DELf6XsB3WdPuNxCtob1vFXPsSXhdAiHBWJ/tJ8HAc9aH84BK+5JFZLNkJKx3G9kzQg==",
      "dev": true,
      "license": "MIT",
      "dependencies": {
        "balanced-match": "^4.0.2"
      },
      "engines": {
        "node": "20 || >=22"
      }
    },
    "node_modules/code-block-writer": {
      "version": "13.0.3",
      "resolved": "https://registry.npmjs.org/code-block-writer/-/code-block-writer-13.0.3.tgz",
      "integrity": "sha512-Oofo0pq3IKnsFtuHqSF7TqBfr71aeyZDVJ0HpmqB7FBM2qEigL0iPONSCZSO9pE9dZTAxANe5XHG9Uy0YMv8cg==",
      "dev": true
    },
    "node_modules/fdir": {
      "version": "6.5.0",
      "resolved": "https://registry.npmjs.org/fdir/-/fdir-6.5.0.tgz",
      "integrity": "sha512-tIbYtZbucOs0BRGqPJkshJUYdL+SDH7dVM8gjy+ERp3WAUjLEFJE+02kanyHtwjWOnwrKYBiwAmM0p4kLJAnXg==",
      "dev": true,
      "license": "MIT",
      "engines": {
        "node": ">=12.0.0"
      },
      "peerDependencies": {
        "picomatch": "^3 || ^4"
      },
      "peerDependenciesMeta": {
        "picomatch": {
          "optional": true
        }
      }
    },
    "node_modules/glob": {
      "version": "13.0.6",
      "resolved": "https://registry.npmjs.org/glob/-/glob-13.0.6.tgz",
      "integrity": "sha512-Wjlyrolmm8uDpm/ogGyXZXb1Z+Ca2B8NbJwqBVg0axK9GbBeoS7yGV6vjXnYdGm6X53iehEuxxbyiKp8QmN4Vw==",
      "dev": true,
      "license": "BlueOak-1.0.0",
      "dependencies": {
        "minimatch": "^10.2.2",
        "minipass": "^7.1.3",
        "path-scurry": "^2.0.2"
      },
      "engines": {
        "node": "18 || 20 || >=22"
      },
      "funding": {
        "url": "https://github.com/sponsors/isaacs"
      }
    },
    "node_modules/highcharts": {
      "version": "12.6.0",
      "resolved": "https://registry.npmjs.org/highcharts/-/highcharts-12.6.0.tgz",
      "integrity": "sha512-zWwoXECOakJT2huBMqIZOjDNLLgyZFCcfZqTj2g6cvYOGxjF3nvooC+rIaF5aKiharluyGKNflfRNrzOAIjdRg==",
      "license": "https://www.highcharts.com/license",
      "peerDependencies": {
        "jspdf": "^4.1.0",
        "svg2pdf.js": "^2.7.0"
      },
      "peerDependenciesMeta": {
        "jspdf": {
          "optional": true
        },
        "svg2pdf.js": {
          "optional": true
        }
      }
    },
    "node_modules/lru-cache": {
      "version": "11.2.6",
      "resolved": "https://registry.npmjs.org/lru-cache/-/lru-cache-11.2.6.tgz",
      "integrity": "sha512-ESL2CrkS/2wTPfuend7Zhkzo2u0daGJ/A2VucJOgQ/C48S/zB8MMeMHSGKYpXhIjbPxfuezITkaBH1wqv00DDQ==",
      "dev": true,
      "license": "BlueOak-1.0.0",
      "engines": {
        "node": "20 || >=22"
      }
    },
    "node_modules/minimatch": {
      "version": "10.2.6",
      "resolved": "https://registry.npmjs.org/minimatch/-/minimatch-10.2.6.tgz",
      "integrity": "sha512-vpLQEs+VLCr1nU0BXS07maYoFwlDAH0gngQuuttxIwutDFEMHq2blX+8vpgxDdK3J1PwjCJiep77OitTZ4Ll1A==",
      "dev": true,
      "license": "BlueOak-1.0.0",
      "dependencies": {
        "brace-expansion": "^5.0.8"
      },
      "engines": {
        "node": "18 || 20 || >=22"
      },
      "funding": {
        "url": "https://github.com/sponsors/isaacs"
      }
    },
    "node_modules/minipass": {
      "version": "7.1.3",
      "resolved": "https://registry.npmjs.org/minipass/-/minipass-7.1.3.tgz",
      "integrity": "sha512-tEBHqDnIoM/1rXME1zgka9g6Q2lcoCkxHLuc7ODJ5BxbP5d4c2Z5cGgtXAku59200Cx7diuHTOYfSBD8n6mm8A==",
      "dev": true,
      "license": "BlueOak-1.0.0",
      "engines": {
        "node": ">=16 || 14 >=14.17"
      }
    },
    "node_modules/path-browserify": {
      "version": "1.0.1",
      "resolved": "https://registry.npmjs.org/path-browserify/-/path-browserify-1.0.1.tgz",
      "integrity": "sha512-b7uo2UCUOYZcnF/3ID0lulOJi/bafxa1xPe7ZPsammBSpjSWQkjNxlt635YGS2MiR9GjvuXCtz2emr3jbsz98g==",
      "dev": true,
      "license": "MIT"
    },
    "node_modules/path-scurry": {
      "version": "2.0.2",
      "resolved": "https://registry.npmjs.org/path-scurry/-/path-scurry-2.0.2.tgz",
      "integrity": "sha512-3O/iVVsJAPsOnpwWIeD+d6z/7PmqApyQePUtCndjatj/9I5LylHvt5qluFaBT3I5h3r1ejfR056c+FCv+NnNXg==",
      "dev": true,
      "license": "BlueOak-1.0.0",
      "dependencies": {
        "lru-cache": "^11.0.0",
        "minipass": "^7.1.2"
      },
      "engines": {
        "node": "18 || 20 || >=22"
      },
      "funding": {
        "url": "https://github.com/sponsors/isaacs"
      }
    },
    "node_modules/picomatch": {
      "version": "4.0.4",
      "resolved": "https://registry.npmjs.org/picomatch/-/picomatch-4.0.4.tgz",
      "integrity": "sha512-QP88BAKvMam/3NxH6vj2o21R6MjxZUAd6nlwAS/pnGvN9IVLocLHxGYIzFhg6fUQ+5th6P4dv4eW9jX3DSIj7A==",
      "dev": true,
      "license": "MIT",
      "engines": {
        "node": ">=12"
      },
      "funding": {
        "url": "https://github.com/sponsors/jonschlinkert"
      }
    },
    "node_modules/primereact": {
      "version": "11.1.0",
      "resolved": "https://registry.npmjs.org/primereact/-/primereact-11.1.0.tgz",
      "integrity": "sha512-0/q9fAkF2ULM+2XImBbPpcOTfYatGpqzpCXm9N26fmA2EZxKQyKbQXfJC1mx0dozoFnvllyCwvSYSk59fhIwLw==",
      "license": "SEE LICENSE IN LICENSE.md",
      "dependencies": {
        "@primereact/core": "11.1.0",
        "@primereact/headless": "11.1.0"
      },
      "peerDependencies": {
        "react": ">=19.0.0",
        "react-dom": ">=19.0.0"
      }
    },
    "node_modules/react": {
      "version": "19.2.8",
      "resolved": "https://registry.npmjs.org/react/-/react-19.2.8.tgz",
      "integrity": "sha512-PWaYA1L/q9u2u7xYQi+Y3L3Yfnie7XyLeaJICV1MGD6LprsBxcAqGjYyr0eY3p+QdsA+x/Irkt4Qif8D63+Sbw==",
      "license": "MIT",
      "peer": true,
      "engines": {
        "node": ">=0.10.0"
      }
    },
    "node_modules/react-dom": {
      "version": "19.2.8",
      "resolved": "https://registry.npmjs.org/react-dom/-/react-dom-19.2.8.tgz",
      "integrity": "sha512-rVprimfGBG3DR+Tq0IQG2DT5PxKth1WIGDmj5yPmlzr4YBe7uyE+Du4oVqTDXZSHGGGXRtTJEGSSePyQCMBglQ==",
      "license": "MIT",
      "peer": true,
      "dependencies": {
        "scheduler": "^0.27.0"
      },
      "peerDependencies": {
        "react": "^19.2.8"
      }
    },
    "node_modules/scheduler": {
      "version": "0.27.0",
      "resolved": "https://registry.npmjs.org/scheduler/-/scheduler-0.27.0.tgz",
      "integrity": "sha512-eNv+WrVbKu1f3vbYJT/xtiF5syA5HPIMtf9IgY/nKg0sWqzAUEvqY/xm7OcZc/qafLx/iO9FgOmeSAp4v5ti/Q==",
      "license": "MIT",
      "peer": true
    },
    "node_modules/tinyglobby": {
      "version": "0.2.16",
      "resolved": "https://registry.npmjs.org/tinyglobby/-/tinyglobby-0.2.16.tgz",
      "integrity": "sha512-pn99VhoACYR8nFHhxqix+uvsbXineAasWm5ojXoN8xEwK5Kd3/TrhNn1wByuD52UxWRLy8pu+kRMniEi6Eq9Zg==",
      "dev": true,
      "license": "MIT",
      "dependencies": {
        "fdir": "^6.5.0",
        "picomatch": "^4.0.4"
      },
      "engines": {
        "node": ">=12.0.0"
      },
      "funding": {
        "url": "https://github.com/sponsors/SuperchupuDev"
      }
    },
    "node_modules/ts-morph": {
      "version": "28.0.0",
      "resolved": "https://registry.npmjs.org/ts-morph/-/ts-morph-28.0.0.tgz",
      "integrity": "sha512-Wp3tnZ2bzwxyTZMtgWVzXDfm7lB1Drz+y9DmmYH/L702PQhPyVrp3pkou3yIz4qjS14GY9kcpmLiOOMvl8oG1g==",
      "dev": true,
      "license": "MIT",
      "dependencies": {
        "@ts-morph/common": "~0.29.0",
        "code-block-writer": "^13.0.3"
      }
    },
    "node_modules/typescript": {
      "version": "6.0.3",
      "resolved": "https://registry.npmjs.org/typescript/-/typescript-6.0.3.tgz",
      "integrity": "sha512-y2TvuxSZPDyQakkFRPZHKFm+KKVqIisdg9/CZwm9ftvKXLP8NRWj38/ODjNbr43SsoXqNuAisEf1GdCxqWcdBw==",
      "license": "Apache-2.0",
      "bin": {
        "tsc": "bin/tsc",
        "tsserver": "bin/tsserver"
      },
      "engines": {
        "node": ">=14.17"
      }
    },
    "node_modules/use-sync-external-store": {
      "version": "1.6.0",
      "resolved": "https://registry.npmjs.org/use-sync-external-store/-/use-sync-external-store-1.6.0.tgz",
      "integrity": "sha512-Pp6GSwGP/NrPIrxVFAIkOQeyw8lFenOHijQWkUTrDvrF4ALqylP2C/KCkeS9dpUM3KvYRQhna5vt7IL95+ZQ9w==",
      "license": "MIT",
      "peerDependencies": {
        "react": "^16.8.0 || ^17.0.0 || ^18.0.0 || ^19.0.0"
      }
    }
  }
}
